
Microsoft Visual Studio Solution File, Format Version 12.00
# Visual Studio Version 17
VisualStudioVersion = 17.7.34221.43
MinimumVisualStudioVersion = 10.0.40219.1
Project("{FAE04EC0-301F-11D3-BF4B-00C04F79EFBC}") = "Norbit.CalculateBMI", "BMI\Norbit.CalculateBMI.csproj", "{FC1DF5D5-3937-4B7F-B3F4-1B5BCBD83DA8}"
EndProject
Global
	GlobalSection(SolutionConfigurationPlatforms) = preSolution
		Debug|Any CPU = Debug|Any CPU
		Release|Any CPU = Release|Any CPU
	EndGlobalSection
	GlobalSection(ProjectConfigurationPlatforms) = postSolution
		{FC1DF5D5-3937-4B7F-B3F4-1B5BCBD83DA8}.Debug|Any CPU.ActiveCfg = Debug|Any CPU
		{FC1DF5D5-3937-4B7F-B3F4-1B5BCBD83DA8}.Debug|Any CPU.Build.0 = Debug|Any CPU
		{FC1DF5D5-3937-4B7F-B3F4-1B5BCBD83DA8}.Release|Any CPU.ActiveCfg = Release|Any CPU
		{FC1DF5D5-3937-4B7F-B3F4-1B5BCBD83DA8}.Release|Any CPU.Build.0 = Release|Any CPU
	EndGlobalSection
	GlobalSection(SolutionProperties) = preSolution
		HideSolutionNode = FALSE
	EndGlobalSection
	GlobalSection(ExtensibilityGlobals) = postSolution
		SolutionGuid = {DF5CAD88-FA62-4457-8FA6-CD8AB1E459B1}
	EndGlobalSection
EndGlobal
